
Microsoft Visual Studio Solution File, Format Version 12.00
# Visual Studio Version 17
VisualStudioVersion = 17.5.002.0
MinimumVisualStudioVersion = 10.0.40219.1
Project("{9A19103F-16F7-4668-BE54-9A1E7A4F7556}") = "AsientoContable", "AsientoContable\AsientoContable.csproj", "{4662423F-6782-49DE-92ED-BFBB3F91E9DE}"
EndProject
Global
	GlobalSection(SolutionConfigurationPlatforms) = preSolution
		Debug|Any CPU = Debug|Any CPU
		Release|Any CPU = Release|Any CPU
	EndGlobalSection
	GlobalSection(ProjectConfigurationPlatforms) = postSolution
		{4662423F-6782-49DE-92ED-BFBB3F91E9DE}.Debug|Any CPU.ActiveCfg = Debug|Any CPU
		{4662423F-6782-49DE-92ED-BFBB3F91E9DE}.Debug|Any CPU.Build.0 = Debug|Any CPU
		{4662423F-6782-49DE-92ED-BFBB3F91E9DE}.Release|Any CPU.ActiveCfg = Release|Any CPU
		{4662423F-6782-49DE-92ED-BFBB3F91E9DE}.Release|Any CPU.Build.0 = Release|Any CPU
	EndGlobalSection
	GlobalSection(SolutionProperties) = preSolution
		HideSolutionNode = FALSE
	EndGlobalSection
	GlobalSection(ExtensibilityGlobals) = postSolution
		SolutionGuid = {0FEF8683-086D-4093-A041-EB99A574EEEA}
	EndGlobalSection
EndGlobal
